
Microsoft Visual Studio Solution File, Format Version 12.00
# Visual Studio Version 17
VisualStudioVersion = 17.9.34902.65
MinimumVisualStudioVersion = 10.0.40219.1
Project("{FAE04EC0-301F-11D3-BF4B-00C04F79EFBC}") = "MVC", "MVC\MVC.csproj", "{5779EAF6-8546-46DF-AE67-05BE879AD73A}"
EndProject
Global
	GlobalSection(SolutionConfigurationPlatforms) = preSolution
		Debug|Any CPU = Debug|Any CPU
		Desenvolvimento|Any CPU = Desenvolvimento|Any CPU
		Homologacao|Any CPU = Homologacao|Any CPU
		Producao|Any CPU = Producao|Any CPU
		Release|Any CPU = Release|Any CPU
	EndGlobalSection
	GlobalSection(ProjectConfigurationPlatforms) = postSolution
		{5779EAF6-8546-46DF-AE67-05BE879AD73A}.Debug|Any CPU.ActiveCfg = Debug|Any CPU
		{5779EAF6-8546-46DF-AE67-05BE879AD73A}.Debug|Any CPU.Build.0 = Debug|Any CPU
		{5779EAF6-8546-46DF-AE67-05BE879AD73A}.Desenvolvimento|Any CPU.ActiveCfg = Desenvolvimento|Any CPU
		{5779EAF6-8546-46DF-AE67-05BE879AD73A}.Desenvolvimento|Any CPU.Build.0 = Desenvolvimento|Any CPU
		{5779EAF6-8546-46DF-AE67-05BE879AD73A}.Homologacao|Any CPU.ActiveCfg = Homologacao|Any CPU
		{5779EAF6-8546-46DF-AE67-05BE879AD73A}.Homologacao|Any CPU.Build.0 = Homologacao|Any CPU
		{5779EAF6-8546-46DF-AE67-05BE879AD73A}.Producao|Any CPU.ActiveCfg = Producao|Any CPU
		{5779EAF6-8546-46DF-AE67-05BE879AD73A}.Producao|Any CPU.Build.0 = Producao|Any CPU
		{5779EAF6-8546-46DF-AE67-05BE879AD73A}.Release|Any CPU.ActiveCfg = Release|Any CPU
		{5779EAF6-8546-46DF-AE67-05BE879AD73A}.Release|Any CPU.Build.0 = Release|Any CPU
	EndGlobalSection
	GlobalSection(SolutionProperties) = preSolution
		HideSolutionNode = FALSE
	EndGlobalSection
	GlobalSection(ExtensibilityGlobals) = postSolution
		SolutionGuid = {DC4AEF55-FB4E-4AC3-8B16-85AF30C42953}
	EndGlobalSection
EndGlobal
